// !$*UTF8*$!
{
	archiveVersion = 1;
	classes = {
	};
	objectVersion = 46;
	objects = {

/* Begin PBXBuildFile section */
		180783AE1DADE15F00E3B960 /* main.m in Sources */ = {isa = PBXBuildFile; fileRef = 180783AD1DADE15F00E3B960 /* main.m */; };
		180783B11DADE15F00E3B960 /* AppDelegate.m in Sources */ = {isa = PBXBuildFile; fileRef = 180783B01DADE15F00E3B960 /* AppDelegate.m */; };
		180783B41DADE15F00E3B960 /* ViewController.m in Sources */ = {isa = PBXBuildFile; fileRef = 180783B31DADE15F00E3B960 /* ViewController.m */; };
		180783B91DADE15F00E3B960 /* Assets.xcassets in Resources */ = {isa = PBXBuildFile; fileRef = 180783B81DADE15F00E3B960 /* Assets.xcassets */; };
		180783BC1DADE15F00E3B960 /* LaunchScreen.storyboard in Resources */ = {isa = PBXBuildFile; fileRef = 180783BA1DADE15F00E3B960 /* LaunchScreen.storyboard */; };
/* End PBXBuildFile section */

/* Begin PBXFileReference section */
		180783A91DADE15F00E3B960 /* DynamicDemo.app */ = {isa = PBXFileReference; explicitFileType = wrapper.application; includeInIndex = 0; path = DynamicDemo.app; sourceTree = BUILT_PRODUCTS_DIR; };
		180783AD1DADE15F00E3B960 /* main.m */ = {isa = PBXFileReference; lastKnownFileType = sourcecode.c.objc; path = main.m; sourceTree = "<group>"; };
		180783AF1DADE15F00E3B960 /* AppDelegate.h */ = {isa = PBXFileReference; lastKnownFileType = sourcecode.c.h; path = AppDelegate.h; sourceTree = "<group>"; };
		180783B01DADE15F00E3B960 /* AppDelegate.m */ = {isa = PBXFileReference; lastKnownFileType = sourcecode.c.objc; path = AppDelegate.m; sourceTree = "<group>"; };
		180783B21DADE15F00E3B960 /* ViewController.h */ = {isa = PBXFileReference; lastKnownFileType = sourcecode.c.h; path = ViewController.h; sourceTree = "<group>"; };
		180783B31DADE15F00E3B960 /* ViewController.m */ = {isa = PBXFileReference; lastKnownFileType = sourcecode.c.objc; path = ViewController.m; sourceTree = "<group>"; };
		180783B81DADE15F00E3B960 /* Assets.xcassets */ = {isa = PBXFileReference; lastKnownFileType = folder.assetcatalog; path = Assets.xcassets; sourceTree = "<group>"; };
		180783BB1DADE15F00E3B960 /* Base */ = {isa = PBXFileReference; lastKnownFileType = file.storyboard; name = Base; path = Base.lproj/LaunchScreen.storyboard; sourceTree = "<group>"; };
		180783BD1DADE15F00E3B960 /* Info.plist */ = {isa = PBXFileReference; lastKnownFileType = text.plist.xml; path = Info.plist; sourceTree = "<group>"; };
/* End PBXFileReference section */

/* Begin PBXFrameworksBuildPhase section */
		180783A61DADE15E00E3B960 /* Frameworks */ = {
			isa = PBXFrameworksBuildPhase;
			buildActionMask = 2147483647;
			files = (
			);
			runOnlyForDeploymentPostprocessing = 0;
		};
/* End PBXFrameworksBuildPhase section */

/* Begin PBXGroup section */
		180783A01DADE15E00E3B960 = {
			isa = PBXGroup;
			children = (
				180783AB1DADE15F00E3B960 /* DynamicDemo */,
				180783AA1DADE15F00E3B960 /* Products */,
			);
			sourceTree = "<group>";
		};
		180783AA1DADE15F00E3B960 /* Products */ = {
			isa = PBXGroup;
			children = (
				180783A91DADE15F00E3B960 /* DynamicDemo.app */,
			);
			name = Products;
			sourceTree = "<group>";
		};
		180783AB1DADE15F00E3B960 /* DynamicDemo */ = {
			isa = PBXGroup;
			children = (
				180783AF1DADE15F00E3B960 /* AppDelegate.h */,
				180783B01DADE15F00E3B960 /* AppDelegate.m */,
				180783B21DADE15F00E3B960 /* ViewController.h */,
				180783B31DADE15F00E3B960 /* ViewController.m */,
				180783B81DADE15F00E3B960 /* Assets.xcassets */,
				180783BA1DADE15F00E3B960 /* LaunchScreen.storyboard */,
				180783BD1DADE15F00E3B960 /* Info.plist */,
				180783AC1DADE15F00E3B960 /* Supporting Files */,
			);
			path = DynamicDemo;
			sourceTree = "<group>";
		};
		180783AC1DADE15F00E3B960 /* Supporting Files */ = {
			isa = PBXGroup;
			children = (
				180783AD1DADE15F00E3B960 /* main.m */,
			);
			name = "Supporting Files";
			sourceTree = "<group>";
		};
/* End PBXGroup section */

/* Begin PBXNativeTarget section */
		180783A81DADE15E00E3B960 /* DynamicDemo */ = {
			isa = PBXNativeTarget;
			buildConfigurationList = 180783C01DADE15F00E3B960 /* Build configuration list for PBXNativeTarget "DynamicDemo" */;
			buildPhases = (
				180783A51DADE15E00E3B960 /* Sources */,
				180783A61DADE15E00E3B960 /* Frameworks */,
				180783A71DADE15E00E3B960 /* Resources */,
			);
			buildRules = (
			);
			dependencies = (
			);
			name = DynamicDemo;
			productName = DynamicDemo;
			productReference = 180783A91DADE15F00E3B960 /* DynamicDemo.app */;
			productType = "com.apple.product-type.application";
		};
/* End PBXNativeTarget section */

/* Begin PBXProject section */
		180783A11DADE15E00E3B960 /* Project object */ = {
			isa = PBXProject;
			attributes = {
				LastUpgradeCheck = 0800;
				ORGANIZATIONNAME = Liancheng;
				TargetAttributes = {
					180783A81DADE15E00E3B960 = {
						CreatedOnToolsVersion = 8.0;
						DevelopmentTeam = 74ACG5P4VE;
						ProvisioningStyle = Automatic;
					};
				};
			};
			buildConfigurationList = 180783A41DADE15E00E3B960 /* Build configuration list for PBXProject "DynamicDemo" */;
			compatibilityVersion = "Xcode 3.2";
			developmentRegion = English;
			hasScannedForEncodings = 0;
			knownRegions = (
				en,
				Base,
			);
			mainGroup = 180783A01DADE15E00E3B960;
			productRefGroup = 180783AA1DADE15F00E3B960 /* Products */;
			projectDirPath = "";
			projectRoot = "";
			targets = (
				180783A81DADE15E00E3B960 /* DynamicDemo */,
			);
		};
/* End PBXProject section */

/* Begin PBXResourcesBuildPhase section */
		180783A71DADE15E00E3B960 /* Resources */ = {
			isa = PBXResourcesBuildPhase;
			buildActionMask = 2147483647;
			files = (
				180783BC1DADE15F00E3B960 /* LaunchScreen.storyboard in Resources */,
				180783B91DADE15F00E3B960 /* Assets.xcassets in Resources */,
			);
			runOnlyForDeploymentPostprocessing = 0;
		};
/* End PBXResourcesBuildPhase section */

/* Begin PBXSourcesBuildPhase section */
		180783A51DADE15E00E3B960 /* Sources */ = {
			isa = PBXSourcesBuildPhase;
			buildActionMask = 2147483647;
			files = (
				180783B41DADE15F00E3B960 /* ViewController.m in Sources */,
				180783B11DADE15F00E3B960 /* AppDelegate.m in Sources */,
				180783AE1DADE15F00E3B960 /* main.m in Sources */,
			);
			runOnlyForDeploymentPostprocessing = 0;
		};
/* End PBXSourcesBuildPhase section */

/* Begin PBXVariantGroup section */
		180783BA1DADE15F00E3B960 /* LaunchScreen.storyboard */ = {
			isa = PBXVariantGroup;
			children = (
				180783BB1DADE15F00E3B960 /* Base */,
			);
			name = LaunchScreen.storyboard;
			sourceTree = "<group>";
		};
/* End PBXVariantGroup section */

/* Begin XCBuildConfiguration section */
		180783BE1DADE15F00E3B960 /* Debug */ = {
			isa = XCBuildConfiguration;
			buildSettings = {
				ALWAYS_SEARCH_USER_PATHS = NO;
				CLANG_ANALYZER_NONNULL = YES;
				CLANG_CXX_LANGUAGE_STANDARD = "gnu++0x";
				CLANG_CXX_LIBRARY = "libc++";
				CLANG_ENABLE_MODULES = YES;
				CLANG_ENABLE_OBJC_ARC = YES;
				CLANG_WARN_BOOL_CONVERSION = YES;
				CLANG_WARN_CONSTANT_CONVERSION = YES;
				CLANG_WARN_DIRECT_OBJC_ISA_USAGE = YES_ERROR;
				CLANG_WARN_DOCUMENTATION_COMMENTS = YES;
				CLANG_WARN_EMPTY_BODY = YES;
				CLANG_WARN_ENUM_CONVERSION = YES;
				CLANG_WARN_INFINITE_RECURSION = YES;
				CLANG_WARN_INT_CONVERSION = YES;
				CLANG_WARN_OBJC_ROOT_CLASS = YES_ERROR;
				CLANG_WARN_SUSPICIOUS_MOVES = YES;
				CLANG_WARN_UNREACHABLE_CODE = YES;
				CLANG_WARN__DUPLICATE_METHOD_MATCH = YES;
				"CODE_SIGN_IDENTITY[sdk=iphoneos*]" = "iPhone Developer";
				COPY_PHASE_STRIP = NO;
				DEBUG_INFORMATION_FORMAT = dwarf;
				ENABLE_STRICT_OBJC_MSGSEND = YES;
				ENABLE_TESTABILITY = YES;
				GCC_C_LANGUAGE_STANDARD = gnu99;
				GCC_DYNAMIC_NO_PIC = NO;
				GCC_NO_COMMON_BLOCKS = YES;
				GCC_OPTIMIZATION_LEVEL = 0;
				GCC_PREPROCESSOR_DEFINITIONS = (
					"DEBUG=1",
					"$(inherited)",
				);
				GCC_WARN_64_TO_32_BIT_CONVERSION = YES;
				GCC_WARN_ABOUT_RETURN_TYPE = YES_ERROR;
				GCC_WARN_UNDECLARED_SELECTOR = YES;
				GCC_WARN_UNINITIALIZED_AUTOS = YES_AGGRESSIVE;
				GCC_WARN_UNUSED_FUNCTION = YES;
				GCC_WARN_UNUSED_VARIABLE = YES;
				IPHONEOS_DEPLOYMENT_TARGET = 10.0;
				MTL_ENABLE_DEBUG_INFO = YES;
				ONLY_ACTIVE_ARCH = YES;
				SDKROOT = iphoneos;
				TARGETED_DEVICE_FAMILY = "1,2";
			};
			name = Debug;
		};
		180783BF1DADE15F00E3B960 /* Release */ = {
			isa = XCBuildConfiguration;
			buildSettings = {
				ALWAYS_SEARCH_USER_PATHS = NO;
				CLANG_ANALYZER_NONNULL = YES;
				CLANG_CXX_LANGUAGE_STANDARD = "gnu++0x";
				CLANG_CXX_LIBRARY = "libc++";
				CLANG_ENABLE_MODULES = YES;
				CLANG_ENABLE_OBJC_ARC = YES;
				CLANG_WARN_BOOL_CONVERSION = YES;
				CLANG_WARN_CONSTANT_CONVERSION = YES;
				CLANG_WARN_DIRECT_OBJC_ISA_USAGE = YES_ERROR;
				CLANG_WARN_DOCUMENTATION_COMMENTS = YES;
				CLANG_WARN_EMPTY_BODY = YES;
				CLANG_WARN_ENUM_CONVERSION = YES;
				CLANG_WARN_INFINITE_RECURSION = YES;
				CLANG_WARN_INT_CONVERSION = YES;
				CLANG_WARN_OBJC_ROOT_CLASS = YES_ERROR;
				CLANG_WARN_SUSPICIOUS_MOVES = YES;
				CLANG_WARN_UNREACHABLE_CODE = YES;
				CLANG_WARN__DUPLICATE_METHOD_MATCH = YES;
				"CODE_SIGN_IDENTITY[sdk=iphoneos*]" = "iPhone Developer";
				COPY_PHASE_STRIP = NO;
				DEBUG_INFORMATION_FORMAT = "dwarf-with-dsym";
				ENABLE_NS_ASSERTIONS = NO;
				ENABLE_STRICT_OBJC_MSGSEND = YES;
				GCC_C_LANGUAGE_STANDARD = gnu99;
				GCC_NO_COMMON_BLOCKS = YES;
				GCC_WARN_64_TO_32_BIT_CONVERSION = YES;
				GCC_WARN_ABOUT_RETURN_TYPE = YES_ERROR;
				GCC_WARN_UNDECLARED_SELECTOR = YES;
				GCC_WARN_UNINITIALIZED_AUTOS = YES_AGGRESSIVE;
				GCC_WARN_UNUSED_FUNCTION = YES;
				GCC_WARN_UNUSED_VARIABLE = YES;
				IPHONEOS_DEPLOYMENT_TARGET = 10.0;
				MTL_ENABLE_DEBUG_INFO = NO;
				SDKROOT = iphoneos;
				TARGETED_DEVICE_FAMILY = "1,2";
				VALIDATE_PRODUCT = YES;
			};
			name = Release;
		};
		180783C11DADE15F00E3B960 /* Debug */ = {
			isa = XCBuildConfiguration;
			buildSettings = {
				ASSETCATALOG_COMPILER_APPICON_NAME = AppIcon;
				DEVELOPMENT_TEAM = 74ACG5P4VE;
				INFOPLIST_FILE = DynamicDemo/Info.plist;
				LD_RUNPATH_SEARCH_PATHS = "$(inherited) @executable_path/Frameworks";
				PRODUCT_BUNDLE_IDENTIFIER = com.Liancheng.DynamicDemo;
				PRODUCT_NAME = "$(TARGET_NAME)";
			};
			name = Debug;
		};
		180783C21DADE15F00E3B960 /* Release */ = {
			isa = XCBuildConfiguration;
			buildSettings = {
				ASSETCATALOG_COMPILER_APPICON_NAME = AppIcon;
				DEVELOPMENT_TEAM = 74ACG5P4VE;
				INFOPLIST_FILE = DynamicDemo/Info.plist;
				LD_RUNPATH_SEARCH_PATHS = "$(inherited) @executable_path/Frameworks";
				PRODUCT_BUNDLE_IDENTIFIER = com.Liancheng.DynamicDemo;
				PRODUCT_NAME = "$(TARGET_NAME)";
			};
			name = Release;
		};
/* End XCBuildConfiguration section */

/* Begin XCConfigurationList section */
		180783A41DADE15E00E3B960 /* Build configuration list for PBXProject "DynamicDemo" */ = {
			isa = XCConfigurationList;
			buildConfigurations = (
				180783BE1DADE15F00E3B960 /* Debug */,
				180783BF1DADE15F00E3B960 /* Release */,
			);
			defaultConfigurationIsVisible = 0;
			defaultConfigurationName = Release;
		};
		180783C01DADE15F00E3B960 /* Build configuration list for PBXNativeTarget "DynamicDemo" */ = {
			isa = XCConfigurationList;
			buildConfigurations = (
				180783C11DADE15F00E3B960 /* Debug */,
				180783C21DADE15F00E3B960 /* Release */,
			);
			defaultConfigurationIsVisible = 0;
		};
/* End XCConfigurationList section */
	};
	rootObject = 180783A11DADE15E00E3B960 /* Project object */;
}
